
Microsoft Visual Studio Solution File, Format Version 12.00
# Visual Studio Version 16
VisualStudioVersion = 16.6.30114.105
MinimumVisualStudioVersion = 10.0.40219.1
Project("{2150E333-8FDC-42A3-9474-1A3956D46DE8}") = "Solution Items", "Solution Items", "{487E8E5C-73AC-4CEF-BF9A-78E0757022C9}"
	ProjectSection(SolutionItems) = preProject
		.editorconfig = .editorconfig
		.gitattributes = .gitattributes
		.gitignore = .gitignore
		Directory.Build.props = Directory.Build.props
		LICENSE = LICENSE
	EndProjectSection
EndProject
Project("{2150E333-8FDC-42A3-9474-1A3956D46DE8}") = "src", "src", "{6925AA1F-F37E-4A91-9E10-96D7BBBD78AC}"
EndProject
Project("{9A19103F-16F7-4668-BE54-9A1E7A4F7556}") = "Consul.Net", "src\Consul.Net\Consul.Net.csproj", "{1BC9E5E4-D8AE-44CC-9A7F-1C63D0D83AC3}"
EndProject
Project("{9A19103F-16F7-4668-BE54-9A1E7A4F7556}") = "Consul.Net.Microsoft.DependencyInjection", "src\Consul.Net.Microsoft.DependencyInjection\Consul.Net.Microsoft.DependencyInjection.csproj", "{695E1522-3F46-49FE-AE8B-BCD4A1ABC071}"
EndProject
Project("{2150E333-8FDC-42A3-9474-1A3956D46DE8}") = "test", "test", "{1B284611-35B8-4589-9541-B72A950002C4}"
EndProject
Project("{9A19103F-16F7-4668-BE54-9A1E7A4F7556}") = "Consul.Net.UnitTests", "test\Consul.Net.UnitTests\Consul.Net.UnitTests.csproj", "{F0848F11-7CFD-4F28-A988-F65F8F0905AC}"
EndProject
Project("{9A19103F-16F7-4668-BE54-9A1E7A4F7556}") = "Consul.Net.Microsoft.DependencyInjection.UnitTests", "test\Consul.Net.Microsoft.DependencyInjection.UnitTests\Consul.Net.Microsoft.DependencyInjection.UnitTests.csproj", "{2ABCDBA2-BD25-486C-8A26-77BDFDD6E6C9}"
EndProject
Project("{9A19103F-16F7-4668-BE54-9A1E7A4F7556}") = "Consul.Net.Util", "src\Consul.Net.Util\Consul.Net.Util.csproj", "{2C97A3A1-99B6-46A5-89A2-9ECF0C72C1C3}"
EndProject
Project("{FAE04EC0-301F-11D3-BF4B-00C04F79EFBC}") = "Consul.Net.Util.UnitTests", "test\Consul.Net.Util.UnitTests\Consul.Net.Util.UnitTests.csproj", "{23571110-1F1D-4B25-8D86-5DE0E4A58C17}"
EndProject
Global
	GlobalSection(SolutionConfigurationPlatforms) = preSolution
		Debug|Any CPU = Debug|Any CPU
		Debug|x64 = Debug|x64
		Debug|x86 = Debug|x86
		Release|Any CPU = Release|Any CPU
		Release|x64 = Release|x64
		Release|x86 = Release|x86
	EndGlobalSection
	GlobalSection(ProjectConfigurationPlatforms) = postSolution
		{1BC9E5E4-D8AE-44CC-9A7F-1C63D0D83AC3}.Debug|Any CPU.ActiveCfg = Debug|Any CPU
		{1BC9E5E4-D8AE-44CC-9A7F-1C63D0D83AC3}.Debug|Any CPU.Build.0 = Debug|Any CPU
		{1BC9E5E4-D8AE-44CC-9A7F-1C63D0D83AC3}.Debug|x64.ActiveCfg = Debug|Any CPU
		{1BC9E5E4-D8AE-44CC-9A7F-1C63D0D83AC3}.Debug|x64.Build.0 = Debug|Any CPU
		{1BC9E5E4-D8AE-44CC-9A7F-1C63D0D83AC3}.Debug|x86.ActiveCfg = Debug|Any CPU
		{1BC9E5E4-D8AE-44CC-9A7F-1C63D0D83AC3}.Debug|x86.Build.0 = Debug|Any CPU
		{1BC9E5E4-D8AE-44CC-9A7F-1C63D0D83AC3}.Release|Any CPU.ActiveCfg = Release|Any CPU
		{1BC9E5E4-D8AE-44CC-9A7F-1C63D0D83AC3}.Release|Any CPU.Build.0 = Release|Any CPU
		{1BC9E5E4-D8AE-44CC-9A7F-1C63D0D83AC3}.Release|x64.ActiveCfg = Release|Any CPU
		{1BC9E5E4-D8AE-44CC-9A7F-1C63D0D83AC3}.Release|x64.Build.0 = Release|Any CPU
		{1BC9E5E4-D8AE-44CC-9A7F-1C63D0D83AC3}.Release|x86.ActiveCfg = Release|Any CPU
		{1BC9E5E4-D8AE-44CC-9A7F-1C63D0D83AC3}.Release|x86.Build.0 = Release|Any CPU
		{695E1522-3F46-49FE-AE8B-BCD4A1ABC071}.Debug|Any CPU.ActiveCfg = Debug|Any CPU
		{695E1522-3F46-49FE-AE8B-BCD4A1ABC071}.Debug|Any CPU.Build.0 = Debug|Any CPU
		{695E1522-3F46-49FE-AE8B-BCD4A1ABC071}.Debug|x64.ActiveCfg = Debug|Any CPU
		{695E1522-3F46-49FE-AE8B-BCD4A1ABC071}.Debug|x64.Build.0 = Debug|Any CPU
		{695E1522-3F46-49FE-AE8B-BCD4A1ABC071}.Debug|x86.ActiveCfg = Debug|Any CPU
		{695E1522-3F46-49FE-AE8B-BCD4A1ABC071}.Debug|x86.Build.0 = Debug|Any CPU
		{695E1522-3F46-49FE-AE8B-BCD4A1ABC071}.Release|Any CPU.ActiveCfg = Release|Any CPU
		{695E1522-3F46-49FE-AE8B-BCD4A1ABC071}.Release|Any CPU.Build.0 = Release|Any CPU
		{695E1522-3F46-49FE-AE8B-BCD4A1ABC071}.Release|x64.ActiveCfg = Release|Any CPU
		{695E1522-3F46-49FE-AE8B-BCD4A1ABC071}.Release|x64.Build.0 = Release|Any CPU
		{695E1522-3F46-49FE-AE8B-BCD4A1ABC071}.Release|x86.ActiveCfg = Release|Any CPU
		{695E1522-3F46-49FE-AE8B-BCD4A1ABC071}.Release|x86.Build.0 = Release|Any CPU
		{F0848F11-7CFD-4F28-A988-F65F8F0905AC}.Debug|Any CPU.ActiveCfg = Debug|Any CPU
		{F0848F11-7CFD-4F28-A988-F65F8F0905AC}.Debug|Any CPU.Build.0 = Debug|Any CPU
		{F0848F11-7CFD-4F28-A988-F65F8F0905AC}.Debug|x64.ActiveCfg = Debug|Any CPU
		{F0848F11-7CFD-4F28-A988-F65F8F0905AC}.Debug|x64.Build.0 = Debug|Any CPU
		{F0848F11-7CFD-4F28-A988-F65F8F0905AC}.Debug|x86.ActiveCfg = Debug|Any CPU
		{F0848F11-7CFD-4F28-A988-F65F8F0905AC}.Debug|x86.Build.0 = Debug|Any CPU
		{F0848F11-7CFD-4F28-A988-F65F8F0905AC}.Release|Any CPU.ActiveCfg = Release|Any CPU
		{F0848F11-7CFD-4F28-A988-F65F8F0905AC}.Release|Any CPU.Build.0 = Release|Any CPU
		{F0848F11-7CFD-4F28-A988-F65F8F0905AC}.Release|x64.ActiveCfg = Release|Any CPU
		{F0848F11-7CFD-4F28-A988-F65F8F0905AC}.Release|x64.Build.0 = Release|Any CPU
		{F0848F11-7CFD-4F28-A988-F65F8F0905AC}.Release|x86.ActiveCfg = Release|Any CPU
		{F0848F11-7CFD-4F28-A988-F65F8F0905AC}.Release|x86.Build.0 = Release|Any CPU
		{2ABCDBA2-BD25-486C-8A26-77BDFDD6E6C9}.Debug|Any CPU.ActiveCfg = Debug|Any CPU
		{2ABCDBA2-BD25-486C-8A26-77BDFDD6E6C9}.Debug|Any CPU.Build.0 = Debug|Any CPU
		{2ABCDBA2-BD25-486C-8A26-77BDFDD6E6C9}.Debug|x64.ActiveCfg = Debug|Any CPU
		{2ABCDBA2-BD25-486C-8A26-77BDFDD6E6C9}.Debug|x64.Build.0 = Debug|Any CPU
		{2ABCDBA2-BD25-486C-8A26-77BDFDD6E6C9}.Debug|x86.ActiveCfg = Debug|Any CPU
		{2ABCDBA2-BD25-486C-8A26-77BDFDD6E6C9}.Debug|x86.Build.0 = Debug|Any CPU
		{2ABCDBA2-BD25-486C-8A26-77BDFDD6E6C9}.Release|Any CPU.ActiveCfg = Release|Any CPU
		{2ABCDBA2-BD25-486C-8A26-77BDFDD6E6C9}.Release|Any CPU.Build.0 = Release|Any CPU
		{2ABCDBA2-BD25-486C-8A26-77BDFDD6E6C9}.Release|x64.ActiveCfg = Release|Any CPU
		{2ABCDBA2-BD25-486C-8A26-77BDFDD6E6C9}.Release|x64.Build.0 = Release|Any CPU
		{2ABCDBA2-BD25-486C-8A26-77BDFDD6E6C9}.Release|x86.ActiveCfg = Release|Any CPU
		{2ABCDBA2-BD25-486C-8A26-77BDFDD6E6C9}.Release|x86.Build.0 = Release|Any CPU
		{2C97A3A1-99B6-46A5-89A2-9ECF0C72C1C3}.Debug|Any CPU.ActiveCfg = Debug|Any CPU
		{2C97A3A1-99B6-46A5-89A2-9ECF0C72C1C3}.Debug|Any CPU.Build.0 = Debug|Any CPU
		{2C97A3A1-99B6-46A5-89A2-9ECF0C72C1C3}.Debug|x64.ActiveCfg = Debug|Any CPU
		{2C97A3A1-99B6-46A5-89A2-9ECF0C72C1C3}.Debug|x64.Build.0 = Debug|Any CPU
		{2C97A3A1-99B6-46A5-89A2-9ECF0C72C1C3}.Debug|x86.ActiveCfg = Debug|Any CPU
		{2C97A3A1-99B6-46A5-89A2-9ECF0C72C1C3}.Debug|x86.Build.0 = Debug|Any CPU
		{2C97A3A1-99B6-46A5-89A2-9ECF0C72C1C3}.Release|Any CPU.ActiveCfg = Release|Any CPU
		{2C97A3A1-99B6-46A5-89A2-9ECF0C72C1C3}.Release|Any CPU.Build.0 = Release|Any CPU
		{2C97A3A1-99B6-46A5-89A2-9ECF0C72C1C3}.Release|x64.ActiveCfg = Release|Any CPU
		{2C97A3A1-99B6-46A5-89A2-9ECF0C72C1C3}.Release|x64.Build.0 = Release|Any CPU
		{2C97A3A1-99B6-46A5-89A2-9ECF0C72C1C3}.Release|x86.ActiveCfg = Release|Any CPU
		{2C97A3A1-99B6-46A5-89A2-9ECF0C72C1C3}.Release|x86.Build.0 = Release|Any CPU
		{23571110-1F1D-4B25-8D86-5DE0E4A58C17}.Debug|Any CPU.ActiveCfg = Debug|Any CPU
		{23571110-1F1D-4B25-8D86-5DE0E4A58C17}.Debug|Any CPU.Build.0 = Debug|Any CPU
		{23571110-1F1D-4B25-8D86-5DE0E4A58C17}.Debug|x64.ActiveCfg = Debug|Any CPU
		{23571110-1F1D-4B25-8D86-5DE0E4A58C17}.Debug|x64.Build.0 = Debug|Any CPU
		{23571110-1F1D-4B25-8D86-5DE0E4A58C17}.Debug|x86.ActiveCfg = Debug|Any CPU
		{23571110-1F1D-4B25-8D86-5DE0E4A58C17}.Debug|x86.Build.0 = Debug|Any CPU
		{23571110-1F1D-4B25-8D86-5DE0E4A58C17}.Release|Any CPU.ActiveCfg = Release|Any CPU
		{23571110-1F1D-4B25-8D86-5DE0E4A58C17}.Release|Any CPU.Build.0 = Release|Any CPU
		{23571110-1F1D-4B25-8D86-5DE0E4A58C17}.Release|x64.ActiveCfg = Release|Any CPU
		{23571110-1F1D-4B25-8D86-5DE0E4A58C17}.Release|x64.Build.0 = Release|Any CPU
		{23571110-1F1D-4B25-8D86-5DE0E4A58C17}.Release|x86.ActiveCfg = Release|Any CPU
		{23571110-1F1D-4B25-8D86-5DE0E4A58C17}.Release|x86.Build.0 = Release|Any CPU
	EndGlobalSection
	GlobalSection(SolutionProperties) = preSolution
		HideSolutionNode = FALSE
	EndGlobalSection
	GlobalSection(NestedProjects) = preSolution
		{1BC9E5E4-D8AE-44CC-9A7F-1C63D0D83AC3} = {6925AA1F-F37E-4A91-9E10-96D7BBBD78AC}
		{695E1522-3F46-49FE-AE8B-BCD4A1ABC071} = {6925AA1F-F37E-4A91-9E10-96D7BBBD78AC}
		{F0848F11-7CFD-4F28-A988-F65F8F0905AC} = {1B284611-35B8-4589-9541-B72A950002C4}
		{2ABCDBA2-BD25-486C-8A26-77BDFDD6E6C9} = {1B284611-35B8-4589-9541-B72A950002C4}
		{2C97A3A1-99B6-46A5-89A2-9ECF0C72C1C3} = {6925AA1F-F37E-4A91-9E10-96D7BBBD78AC}
		{23571110-1F1D-4B25-8D86-5DE0E4A58C17} = {1B284611-35B8-4589-9541-B72A950002C4}
	EndGlobalSection
	GlobalSection(ExtensibilityGlobals) = postSolution
		SolutionGuid = {BD2958ED-5AD2-42B8-9728-6C11D46DEBA7}
	EndGlobalSection
EndGlobal
